
Microsoft Visual Studio Solution File, Format Version 12.00
# Visual Studio Version 17
VisualStudioVersion = 17.6.33829.357
MinimumVisualStudioVersion = 10.0.40219.1
Project("{FAE04EC0-301F-11D3-BF4B-00C04F79EFBC}") = "Colaboradores", "Colaboradores\Colaboradores.csproj", "{D00CF1C2-DCD7-488E-99D6-C84415F43C22}"
EndProject
Global
	GlobalSection(SolutionConfigurationPlatforms) = preSolution
		Debug|Any CPU = Debug|Any CPU
		Release|Any CPU = Release|Any CPU
	EndGlobalSection
	GlobalSection(ProjectConfigurationPlatforms) = postSolution
		{D00CF1C2-DCD7-488E-99D6-C84415F43C22}.Debug|Any CPU.ActiveCfg = Debug|Any CPU
		{D00CF1C2-DCD7-488E-99D6-C84415F43C22}.Debug|Any CPU.Build.0 = Debug|Any CPU
		{D00CF1C2-DCD7-488E-99D6-C84415F43C22}.Release|Any CPU.ActiveCfg = Release|Any CPU
		{D00CF1C2-DCD7-488E-99D6-C84415F43C22}.Release|Any CPU.Build.0 = Release|Any CPU
	EndGlobalSection
	GlobalSection(SolutionProperties) = preSolution
		HideSolutionNode = FALSE
	EndGlobalSection
	GlobalSection(ExtensibilityGlobals) = postSolution
		SolutionGuid = {69AD6136-C33B-499B-8FEE-6333C9DB3AF0}
	EndGlobalSection
EndGlobal
